
Microsoft Visual Studio Solution File, Format Version 12.00
# Visual Studio Version 17
VisualStudioVersion = 17.9.34728.123
MinimumVisualStudioVersion = 10.0.40219.1
Project("{FAE04EC0-301F-11D3-BF4B-00C04F79EFBC}") = "SOMBRA", "SOMBRA\SOMBRA.csproj", "{BA81C03C-B301-4134-9A98-E0B6EFC5547C}"
EndProject
Global
	GlobalSection(SolutionConfigurationPlatforms) = preSolution
		Debug|Any CPU = Debug|Any CPU
		Release|Any CPU = Release|Any CPU
	EndGlobalSection
	GlobalSection(ProjectConfigurationPlatforms) = postSolution
		{BA81C03C-B301-4134-9A98-E0B6EFC5547C}.Debug|Any CPU.ActiveCfg = Debug|Any CPU
		{BA81C03C-B301-4134-9A98-E0B6EFC5547C}.Debug|Any CPU.Build.0 = Debug|Any CPU
		{BA81C03C-B301-4134-9A98-E0B6EFC5547C}.Release|Any CPU.ActiveCfg = Release|Any CPU
		{BA81C03C-B301-4134-9A98-E0B6EFC5547C}.Release|Any CPU.Build.0 = Release|Any CPU
	EndGlobalSection
	GlobalSection(SolutionProperties) = preSolution
		HideSolutionNode = FALSE
	EndGlobalSection
	GlobalSection(ExtensibilityGlobals) = postSolution
		SolutionGuid = {56E78777-6A6B-4FF7-8FBC-9F6B0AB7B25D}
	EndGlobalSection
EndGlobal
